{
  "name": "ms-2",
  "lockfileVersion": 3,
  "requires": true,
  "packages": {
    "": {
      "dependencies": {
        "@types/youtube": "^0.0.50"
      }
    },
    "node_modules/@types/youtube": {
      "version": "0.0.50",
      "resolved": "https://registry.npmjs.org/@types/youtube/-/youtube-0.0.50.tgz",
      "integrity": "sha512-d4GpH4uPYp9W07kc487tiq6V/EUHl18vZWFMbQoe4Sk9LXEWzFi/BMf9x7TI4m7/j7gU3KeX8H6M8aPBgykeLw=="
    }
  }
}
